// !$*UTF8*$!
{
	archiveVersion = 1;
	classes = {
	};
	objectVersion = 77;
	objects = {

/* Begin PBXBuildFile section */
		8BA03AE12F16D76100F32CD2 /* Auth in Frameworks */ = {isa = PBXBuildFile; productRef = 8BA03AE02F16D76100F32CD2 /* Auth */; };
		8BA03AE32F16D76100F32CD2 /* Supabase in Frameworks */ = {isa = PBXBuildFile; productRef = 8BA03AE22F16D76100F32CD2 /* Supabase */; };
		8BABFE322F1EEBBC00572AF7 /* WidgetKit.framework in Frameworks */ = {isa = PBXBuildFile; fileRef = 8BABFE312F1EEBBC00572AF7 /* WidgetKit.framework */; };
		8BABFE342F1EEBBC00572AF7 /* SwiftUI.framework in Frameworks */ = {isa = PBXBuildFile; fileRef = 8BABFE332F1EEBBC00572AF7 /* SwiftUI.framework */; };
		8BABFE412F1EEBBE00572AF7 /* VehicleLiveActivityExtension.appex in Embed Foundation Extensions */ = {isa = PBXBuildFile; fileRef = 8BABFE2F2F1EEBBC00572AF7 /* VehicleLiveActivityExtension.appex */; settings = {ATTRIBUTES = (RemoveHeadersOnCopy, ); }; };
/* End PBXBuildFile section */

/* Begin PBXContainerItemProxy section */
		8BABFE3F2F1EEBBE00572AF7 /* PBXContainerItemProxy */ = {
			isa = PBXContainerItemProxy;
			containerPortal = 8BEAA9F42F15E92F00D3D09D /* Project object */;
			proxyType = 1;
			remoteGlobalIDString = 8BABFE2E2F1EEBBC00572AF7;
			remoteInfo = VehicleLiveActivityExtension;
		};
		8BEAAA0C2F15E93000D3D09D /* PBXContainerItemProxy */ = {
			isa = PBXContainerItemProxy;
			containerPortal = 8BEAA9F42F15E92F00D3D09D /* Project object */;
			proxyType = 1;
			remoteGlobalIDString = 8BEAA9FB2F15E92F00D3D09D;
			remoteInfo = InfineonProject;
		};
		8BEAAA162F15E93000D3D09D /* PBXContainerItemProxy */ = {
			isa = PBXContainerItemProxy;
			containerPortal = 8BEAA9F42F15E92F00D3D09D /* Project object */;
			proxyType = 1;
			remoteGlobalIDString = 8BEAA9FB2F15E92F00D3D09D;
			remoteInfo = InfineonProject;
		};
/* End PBXContainerItemProxy section */

/* Begin PBXCopyFilesBuildPhase section */
		8BABFE462F1EEBBE00572AF7 /* Embed Foundation Extensions */ = {
			isa = PBXCopyFilesBuildPhase;
			buildActionMask = 2147483647;
			dstPath = "";
			dstSubfolderSpec = 13;
			files = (
				8BABFE412F1EEBBE00572AF7 /* VehicleLiveActivityExtension.appex in Embed Foundation Extensions */,
			);
			name = "Embed Foundation Extensions";
			runOnlyForDeploymentPostprocessing = 0;
		};
/* End PBXCopyFilesBuildPhase section */

/* Begin PBXFileReference section */
		8BA03AFC2F171CA400F32CD2 /* AppIcon.icon */ = {isa = PBXFileReference; lastKnownFileType = folder.iconcomposer.icon; path = AppIcon.icon; sourceTree = "<group>"; };
		8BABFE2F2F1EEBBC00572AF7 /* VehicleLiveActivityExtension.appex */ = {isa = PBXFileReference; explicitFileType = "wrapper.app-extension"; includeInIndex = 0; path = VehicleLiveActivityExtension.appex; sourceTree = BUILT_PRODUCTS_DIR; };
		8BABFE312F1EEBBC00572AF7 /* WidgetKit.framework */ = {isa = PBXFileReference; lastKnownFileType = wrapper.framework; name = WidgetKit.framework; path = System/Library/Frameworks/WidgetKit.framework; sourceTree = SDKROOT; };
		8BABFE332F1EEBBC00572AF7 /* SwiftUI.framework */ = {isa = PBXFileReference; lastKnownFileType = wrapper.framework; name = SwiftUI.framework; path = System/Library/Frameworks/SwiftUI.framework; sourceTree = SDKROOT; };
		8BEAA9FC2F15E92F00D3D09D /* InfineonProject.app */ = {isa = PBXFileReference; explicitFileType = wrapper.application; includeInIndex = 0; path = InfineonProject.app; sourceTree = BUILT_PRODUCTS_DIR; };
		8BEAAA0B2F15E93000D3D09D /* InfineonProjectTests.xctest */ = {isa = PBXFileReference; explicitFileType = wrapper.cfbundle; includeInIndex = 0; path = InfineonProjectTests.xctest; sourceTree = BUILT_PRODUCTS_DIR; };
		8BEAAA152F15E93000D3D09D /* InfineonProjectUITests.xctest */ = {isa = PBXFileReference; explicitFileType = wrapper.cfbundle; includeInIndex = 0; path = InfineonProjectUITests.xctest; sourceTree = BUILT_PRODUCTS_DIR; };
/* End PBXFileReference section */

/* Begin PBXFileSystemSynchronizedBuildFileExceptionSet section */
		8BABFE422F1EEBBE00572AF7 /* Exceptions for "VehicleLiveActivity" folder in "VehicleLiveActivityExtension" target */ = {
			isa = PBXFileSystemSynchronizedBuildFileExceptionSet;
			membershipExceptions = (
				Info.plist,
			);
			target = 8BABFE2E2F1EEBBC00572AF7 /* VehicleLiveActivityExtension */;
		};
		8BABFE482F1EEBF100572AF7 /* Exceptions for "InfineonProject" folder in "InfineonProject" target */ = {
			isa = PBXFileSystemSynchronizedBuildFileExceptionSet;
			membershipExceptions = (
				Info.plist,
			);
			target = 8BEAA9FB2F15E92F00D3D09D /* InfineonProject */;
		};
		8BABFE4C2F1EED3500572AF7 /* Exceptions for "VehicleLiveActivity" folder in "InfineonProject" target */ = {
			isa = PBXFileSystemSynchronizedBuildFileExceptionSet;
			membershipExceptions = (
				VehicleLiveActivityAttributes.swift,
			);
			target = 8BEAA9FB2F15E92F00D3D09D /* InfineonProject */;
		};
/* End PBXFileSystemSynchronizedBuildFileExceptionSet section */

/* Begin PBXFileSystemSynchronizedRootGroup section */
		8BABFE352F1EEBBC00572AF7 /* VehicleLiveActivity */ = {
			isa = PBXFileSystemSynchronizedRootGroup;
			exceptions = (
				8BABFE4C2F1EED3500572AF7 /* Exceptions for "VehicleLiveActivity" folder in "InfineonProject" target */,
				8BABFE422F1EEBBE00572AF7 /* Exceptions for "VehicleLiveActivity" folder in "VehicleLiveActivityExtension" target */,
			);
			path = VehicleLiveActivity;
			sourceTree = "<group>";
		};
		8BEAA9FE2F15E92F00D3D09D /* InfineonProject */ = {
			isa = PBXFileSystemSynchronizedRootGroup;
			exceptions = (
				8BABFE482F1EEBF100572AF7 /* Exceptions for "InfineonProject" folder in "InfineonProject" target */,
			);
			path = InfineonProject;
			sourceTree = "<group>";
		};
		8BEAAA0E2F15E93000D3D09D /* InfineonProjectTests */ = {
			isa = PBXFileSystemSynchronizedRootGroup;
			path = InfineonProjectTests;
			sourceTree = "<group>";
		};
		8BEAAA182F15E93000D3D09D /* InfineonProjectUITests */ = {
			isa = PBXFileSystemSynchronizedRootGroup;
			path = InfineonProjectUITests;
			sourceTree = "<group>";
		};
/* End PBXFileSystemSynchronizedRootGroup section */

/* Begin PBXFrameworksBuildPhase section */
		8BABFE2C2F1EEBBC00572AF7 /* Frameworks */ = {
			isa = PBXFrameworksBuildPhase;
			buildActionMask = 2147483647;
			files = (
				8BABFE342F1EEBBC00572AF7 /* SwiftUI.framework in Frameworks */,
				8BABFE322F1EEBBC00572AF7 /* WidgetKit.framework in Frameworks */,
			);
			runOnlyForDeploymentPostprocessing = 0;
		};
		8BEAA9F92F15E92F00D3D09D /* Frameworks */ = {
			isa = PBXFrameworksBuildPhase;
			buildActionMask = 2147483647;
			files = (
				8BA03AE12F16D76100F32CD2 /* Auth in Frameworks */,
				8BA03AE32F16D76100F32CD2 /* Supabase in Frameworks */,
			);
			runOnlyForDeploymentPostprocessing = 0;
		};
		8BEAAA082F15E93000D3D09D /* Frameworks */ = {
			isa = PBXFrameworksBuildPhase;
			buildActionMask = 2147483647;
			files = (
			);
			runOnlyForDeploymentPostprocessing = 0;
		};
		8BEAAA122F15E93000D3D09D /* Frameworks */ = {
			isa = PBXFrameworksBuildPhase;
			buildActionMask = 2147483647;
			files = (
			);
			runOnlyForDeploymentPostprocessing = 0;
		};
/* End PBXFrameworksBuildPhase section */

/* Begin PBXGroup section */
		8BABFE302F1EEBBC00572AF7 /* Frameworks */ = {
			isa = PBXGroup;
			children = (
				8BABFE312F1EEBBC00572AF7 /* WidgetKit.framework */,
				8BABFE332F1EEBBC00572AF7 /* SwiftUI.framework */,
			);
			name = Frameworks;
			sourceTree = "<group>";
		};
		8BEAA9F32F15E92F00D3D09D = {
			isa = PBXGroup;
			children = (
				8BA03AFC2F171CA400F32CD2 /* AppIcon.icon */,
				8BEAA9FE2F15E92F00D3D09D /* InfineonProject */,
				8BEAAA0E2F15E93000D3D09D /* InfineonProjectTests */,
				8BEAAA182F15E93000D3D09D /* InfineonProjectUITests */,
				8BABFE352F1EEBBC00572AF7 /* VehicleLiveActivity */,
				8BABFE302F1EEBBC00572AF7 /* Frameworks */,
				8BEAA9FD2F15E92F00D3D09D /* Products */,
			);
			sourceTree = "<group>";
		};
		8BEAA9FD2F15E92F00D3D09D /* Products */ = {
			isa = PBXGroup;
			children = (
				8BEAA9FC2F15E92F00D3D09D /* InfineonProject.app */,
				8BEAAA0B2F15E93000D3D09D /* InfineonProjectTests.xctest */,
				8BEAAA152F15E93000D3D09D /* InfineonProjectUITests.xctest */,
				8BABFE2F2F1EEBBC00572AF7 /* VehicleLiveActivityExtension.appex */,
			);
			name = Products;
			sourceTree = "<group>";
		};
/* End PBXGroup section */

/* Begin PBXNativeTarget section */
		8BABFE2E2F1EEBBC00572AF7 /* VehicleLiveActivityExtension */ = {
			isa = PBXNativeTarget;
			buildConfigurationList = 8BABFE432F1EEBBE00572AF7 /* Build configuration list for PBXNativeTarget "VehicleLiveActivityExtension" */;
			buildPhases = (
				8BABFE2B2F1EEBBC00572AF7 /* Sources */,
				8BABFE2C2F1EEBBC00572AF7 /* Frameworks */,
				8BABFE2D2F1EEBBC00572AF7 /* Resources */,
			);
			buildRules = (
			);
			dependencies = (
			);
			fileSystemSynchronizedGroups = (
				8BABFE352F1EEBBC00572AF7 /* VehicleLiveActivity */,
			);
			name = VehicleLiveActivityExtension;
			packageProductDependencies = (
			);
			productName = VehicleLiveActivityExtension;
			productReference = 8BABFE2F2F1EEBBC00572AF7 /* VehicleLiveActivityExtension.appex */;
			productType = "com.apple.product-type.app-extension";
		};
		8BEAA9FB2F15E92F00D3D09D /* InfineonProject */ = {
			isa = PBXNativeTarget;
			buildConfigurationList = 8BEAAA1F2F15E93000D3D09D /* Build configuration list for PBXNativeTarget "InfineonProject" */;
			buildPhases = (
				8BEAA9F82F15E92F00D3D09D /* Sources */,
				8BEAA9F92F15E92F00D3D09D /* Frameworks */,
				8BEAA9FA2F15E92F00D3D09D /* Resources */,
				8BABFE462F1EEBBE00572AF7 /* Embed Foundation Extensions */,
			);
			buildRules = (
			);
			dependencies = (
				8BABFE402F1EEBBE00572AF7 /* PBXTargetDependency */,
			);
			fileSystemSynchronizedGroups = (
				8BEAA9FE2F15E92F00D3D09D /* InfineonProject */,
			);
			name = InfineonProject;
			packageProductDependencies = (
				8BA03AE02F16D76100F32CD2 /* Auth */,
				8BA03AE22F16D76100F32CD2 /* Supabase */,
			);
			productName = InfineonProject;
			productReference = 8BEAA9FC2F15E92F00D3D09D /* InfineonProject.app */;
			productType = "com.apple.product-type.application";
		};
		8BEAAA0A2F15E93000D3D09D /* InfineonProjectTests */ = {
			isa = PBXNativeTarget;
			buildConfigurationList = 8BEAAA222F15E93000D3D09D /* Build configuration list for PBXNativeTarget "InfineonProjectTests" */;
			buildPhases = (
				8BEAAA072F15E93000D3D09D /* Sources */,
				8BEAAA082F15E93000D3D09D /* Frameworks */,
				8BEAAA092F15E93000D3D09D /* Resources */,
			);
			buildRules = (
			);
			dependencies = (
				8BEAAA0D2F15E93000D3D09D /* PBXTargetDependency */,
			);
			fileSystemSynchronizedGroups = (
				8BEAAA0E2F15E93000D3D09D /* InfineonProjectTests */,
			);
			name = InfineonProjectTests;
			packageProductDependencies = (
			);
			productName = InfineonProjectTests;
			productReference = 8BEAAA0B2F15E93000D3D09D /* InfineonProjectTests.xctest */;
			productType = "com.apple.product-type.bundle.unit-test";
		};
		8BEAAA142F15E93000D3D09D /* InfineonProjectUITests */ = {
			isa = PBXNativeTarget;
			buildConfigurationList = 8BEAAA252F15E93000D3D09D /* Build configuration list for PBXNativeTarget "InfineonProjectUITests" */;
			buildPhases = (
				8BEAAA112F15E93000D3D09D /* Sources */,
				8BEAAA122F15E93000D3D09D /* Frameworks */,
				8BEAAA132F15E93000D3D09D /* Resources */,
			);
			buildRules = (
			);
			dependencies = (
				8BEAAA172F15E93000D3D09D /* PBXTargetDependency */,
			);
			fileSystemSynchronizedGroups = (
				8BEAAA182F15E93000D3D09D /* InfineonProjectUITests */,
			);
			name = InfineonProjectUITests;
			packageProductDependencies = (
			);
			productName = InfineonProjectUITests;
			productReference = 8BEAAA152F15E93000D3D09D /* InfineonProjectUITests.xctest */;
			productType = "com.apple.product-type.bundle.ui-testing";
		};
/* End PBXNativeTarget section */

/* Begin PBXProject section */
		8BEAA9F42F15E92F00D3D09D /* Project object */ = {
			isa = PBXProject;
			attributes = {
				BuildIndependentTargetsInParallel = 1;
				LastSwiftUpdateCheck = 2620;
				LastUpgradeCheck = 2620;
				TargetAttributes = {
					8BABFE2E2F1EEBBC00572AF7 = {
						CreatedOnToolsVersion = 26.2;
					};
					8BEAA9FB2F15E92F00D3D09D = {
						CreatedOnToolsVersion = 26.2;
					};
					8BEAAA0A2F15E93000D3D09D = {
						CreatedOnToolsVersion = 26.2;
						TestTargetID = 8BEAA9FB2F15E92F00D3D09D;
					};
					8BEAAA142F15E93000D3D09D = {
						CreatedOnToolsVersion = 26.2;
						TestTargetID = 8BEAA9FB2F15E92F00D3D09D;
					};
				};
			};
			buildConfigurationList = 8BEAA9F72F15E92F00D3D09D /* Build configuration list for PBXProject "InfineonProject" */;
			developmentRegion = en;
			hasScannedForEncodings = 0;
			knownRegions = (
				en,
				Base,
				fr,
				ru,
				fa,
				de,
				"zh-Hans",
				"zh-Hant",
				es,
			);
			mainGroup = 8BEAA9F32F15E92F00D3D09D;
			minimizedProjectReferenceProxies = 1;
			packageReferences = (
				8BA03ADF2F16D76100F32CD2 /* XCRemoteSwiftPackageReference "supabase-swift" */,
			);
			preferredProjectObjectVersion = 77;
			productRefGroup = 8BEAA9FD2F15E92F00D3D09D /* Products */;
			projectDirPath = "";
			projectRoot = "";
			targets = (
				8BEAA9FB2F15E92F00D3D09D /* InfineonProject */,
				8BEAAA0A2F15E93000D3D09D /* InfineonProjectTests */,
				8BEAAA142F15E93000D3D09D /* InfineonProjectUITests */,
				8BABFE2E2F1EEBBC00572AF7 /* VehicleLiveActivityExtension */,
			);
		};
/* End PBXProject section */

/* Begin PBXResourcesBuildPhase section */
		8BABFE2D2F1EEBBC00572AF7 /* Resources */ = {
			isa = PBXResourcesBuildPhase;
			buildActionMask = 2147483647;
			files = (
			);
			runOnlyForDeploymentPostprocessing = 0;
		};
		8BEAA9FA2F15E92F00D3D09D /* Resources */ = {
			isa = PBXResourcesBuildPhase;
			buildActionMask = 2147483647;
			files = (
			);
			runOnlyForDeploymentPostprocessing = 0;
		};
		8BEAAA092F15E93000D3D09D /* Resources */ = {
			isa = PBXResourcesBuildPhase;
			buildActionMask = 2147483647;
			files = (
			);
			runOnlyForDeploymentPostprocessing = 0;
		};
		8BEAAA132F15E93000D3D09D /* Resources */ = {
			isa = PBXResourcesBuildPhase;
			buildActionMask = 2147483647;
			files = (
			);
			runOnlyForDeploymentPostprocessing = 0;
		};
/* End PBXResourcesBuildPhase section */

/* Begin PBXSourcesBuildPhase section */
		8BABFE2B2F1EEBBC00572AF7 /* Sources */ = {
			isa = PBXSourcesBuildPhase;
			buildActionMask = 2147483647;
			files = (
			);
			runOnlyForDeploymentPostprocessing = 0;
		};
		8BEAA9F82F15E92F00D3D09D /* Sources */ = {
			isa = PBXSourcesBuildPhase;
			buildActionMask = 2147483647;
			files = (
			);
			runOnlyForDeploymentPostprocessing = 0;
		};
		8BEAAA072F15E93000D3D09D /* Sources */ = {
			isa = PBXSourcesBuildPhase;
			buildActionMask = 2147483647;
			files = (
			);
			runOnlyForDeploymentPostprocessing = 0;
		};
		8BEAAA112F15E93000D3D09D /* Sources */ = {
			isa = PBXSourcesBuildPhase;
			buildActionMask = 2147483647;
			files = (
			);
			runOnlyForDeploymentPostprocessing = 0;
		};
/* End PBXSourcesBuildPhase section */

/* Begin PBXTargetDependency section */
		8BABFE402F1EEBBE00572AF7 /* PBXTargetDependency */ = {
			isa = PBXTargetDependency;
			target = 8BABFE2E2F1EEBBC00572AF7 /* VehicleLiveActivityExtension */;
			targetProxy = 8BABFE3F2F1EEBBE00572AF7 /* PBXContainerItemProxy */;
		};
		8BEAAA0D2F15E93000D3D09D /* PBXTargetDependency */ = {
			isa = PBXTargetDependency;
			target = 8BEAA9FB2F15E92F00D3D09D /* InfineonProject */;
			targetProxy = 8BEAAA0C2F15E93000D3D09D /* PBXContainerItemProxy */;
		};
		8BEAAA172F15E93000D3D09D /* PBXTargetDependency */ = {
			isa = PBXTargetDependency;
			target = 8BEAA9FB2F15E92F00D3D09D /* InfineonProject */;
			targetProxy = 8BEAAA162F15E93000D3D09D /* PBXContainerItemProxy */;
		};
/* End PBXTargetDependency section */

/* Begin XCBuildConfiguration section */
		8BABFE442F1EEBBE00572AF7 /* Debug */ = {
			isa = XCBuildConfiguration;
			buildSettings = {
				ASSETCATALOG_COMPILER_GLOBAL_ACCENT_COLOR_NAME = AccentColor;
				ASSETCATALOG_COMPILER_WIDGET_BACKGROUND_COLOR_NAME = WidgetBackground;
				CODE_SIGN_STYLE = Automatic;
				CURRENT_PROJECT_VERSION = 4;
				DEVELOPMENT_TEAM = 379YWQD4GD;
				GENERATE_INFOPLIST_FILE = YES;
				INFOPLIST_FILE = VehicleLiveActivity/Info.plist;
				INFOPLIST_KEY_CFBundleDisplayName = VehicleLiveActivity;
				INFOPLIST_KEY_NSHumanReadableCopyright = "";
				IPHONEOS_DEPLOYMENT_TARGET = 18.0;
				LD_RUNPATH_SEARCH_PATHS = (
					"$(inherited)",
					"@executable_path/Frameworks",
					"@executable_path/../../Frameworks",
				);
				MARKETING_VERSION = 0.0.1;
				PRODUCT_BUNDLE_IDENTIFIER = com.sheel.InfineonProject.VehicleLiveActivity;
				PRODUCT_NAME = "$(TARGET_NAME)";
				SKIP_INSTALL = YES;
				STRING_CATALOG_GENERATE_SYMBOLS = YES;
				SWIFT_APPROACHABLE_CONCURRENCY = YES;
				SWIFT_EMIT_LOC_STRINGS = YES;
				SWIFT_UPCOMING_FEATURE_MEMBER_IMPORT_VISIBILITY = YES;
				SWIFT_VERSION = 5.0;
				TARGETED_DEVICE_FAMILY = "1,2";
			};
			name = Debug;
		};
		8BABFE452F1EEBBE00572AF7 /* Release */ = {
			isa = XCBuildConfiguration;
			buildSettings = {
				ASSETCATALOG_COMPILER_GLOBAL_ACCENT_COLOR_NAME = AccentColor;
				ASSETCATALOG_COMPILER_WIDGET_BACKGROUND_COLOR_NAME = WidgetBackground;
				CODE_SIGN_STYLE = Automatic;
				CURRENT_PROJECT_VERSION = 4;
				DEVELOPMENT_TEAM = 379YWQD4GD;
				GENERATE_INFOPLIST_FILE = YES;
				INFOPLIST_FILE = VehicleLiveActivity/Info.plist;
				INFOPLIST_KEY_CFBundleDisplayName = VehicleLiveActivity;
				INFOPLIST_KEY_NSHumanReadableCopyright = "";
				IPHONEOS_DEPLOYMENT_TARGET = 18.0;
				LD_RUNPATH_SEARCH_PATHS = (
					"$(inherited)",
					"@executable_path/Frameworks",
					"@executable_path/../../Frameworks",
				);
				MARKETING_VERSION = 0.0.1;
				PRODUCT_BUNDLE_IDENTIFIER = com.sheel.InfineonProject.VehicleLiveActivity;
				PRODUCT_NAME = "$(TARGET_NAME)";
				SKIP_INSTALL = YES;
				STRING_CATALOG_GENERATE_SYMBOLS = YES;
				SWIFT_APPROACHABLE_CONCURRENCY = YES;
				SWIFT_EMIT_LOC_STRINGS = YES;
				SWIFT_UPCOMING_FEATURE_MEMBER_IMPORT_VISIBILITY = YES;
				SWIFT_VERSION = 5.0;
				TARGETED_DEVICE_FAMILY = "1,2";
			};
			name = Release;
		};
		8BEAAA1D2F15E93000D3D09D /* Debug */ = {
			isa = XCBuildConfiguration;
			buildSettings = {
				ALWAYS_SEARCH_USER_PATHS = NO;
				ASSETCATALOG_COMPILER_GENERATE_SWIFT_ASSET_SYMBOL_EXTENSIONS = YES;
				CLANG_ANALYZER_NONNULL = YES;
				CLANG_ANALYZER_NUMBER_OBJECT_CONVERSION = YES_AGGRESSIVE;
				CLANG_CXX_LANGUAGE_STANDARD = "gnu++20";
				CLANG_ENABLE_MODULES = YES;
				CLANG_ENABLE_OBJC_ARC = YES;
				CLANG_ENABLE_OBJC_WEAK = YES;
				CLANG_WARN_BLOCK_CAPTURE_AUTORELEASING = YES;
				CLANG_WARN_BOOL_CONVERSION = YES;
				CLANG_WARN_COMMA = YES;
				CLANG_WARN_CONSTANT_CONVERSION = YES;
				CLANG_WARN_DEPRECATED_OBJC_IMPLEMENTATIONS = YES;
				CLANG_WARN_DIRECT_OBJC_ISA_USAGE = YES_ERROR;
				CLANG_WARN_DOCUMENTATION_COMMENTS = YES;
				CLANG_WARN_EMPTY_BODY = YES;
				CLANG_WARN_ENUM_CONVERSION = YES;
				CLANG_WARN_INFINITE_RECURSION = YES;
				CLANG_WARN_INT_CONVERSION = YES;
				CLANG_WARN_NON_LITERAL_NULL_CONVERSION = YES;
				CLANG_WARN_OBJC_IMPLICIT_RETAIN_SELF = YES;
				CLANG_WARN_OBJC_LITERAL_CONVERSION = YES;
				CLANG_WARN_OBJC_ROOT_CLASS = YES_ERROR;
				CLANG_WARN_QUOTED_INCLUDE_IN_FRAMEWORK_HEADER = YES;
				CLANG_WARN_RANGE_LOOP_ANALYSIS = YES;
				CLANG_WARN_STRICT_PROTOTYPES = YES;
				CLANG_WARN_SUSPICIOUS_MOVE = YES;
				CLANG_WARN_UNGUARDED_AVAILABILITY = YES_AGGRESSIVE;
				CLANG_WARN_UNREACHABLE_CODE = YES;
				CLANG_WARN__DUPLICATE_METHOD_MATCH = YES;
				COPY_PHASE_STRIP = NO;
				DEBUG_INFORMATION_FORMAT = dwarf;
				DEVELOPMENT_TEAM = NMJRG9GQTL;
				ENABLE_STRICT_OBJC_MSGSEND = YES;
				ENABLE_TESTABILITY = YES;
				ENABLE_USER_SCRIPT_SANDBOXING = YES;
				GCC_C_LANGUAGE_STANDARD = gnu17;
				GCC_DYNAMIC_NO_PIC = NO;
				GCC_NO_COMMON_BLOCKS = YES;
				GCC_OPTIMIZATION_LEVEL = 0;
				GCC_PREPROCESSOR_DEFINITIONS = (
					"DEBUG=1",
					"$(inherited)",
				);
				GCC_WARN_64_TO_32_BIT_CONVERSION = YES;
				GCC_WARN_ABOUT_RETURN_TYPE = YES_ERROR;
				GCC_WARN_UNDECLARED_SELECTOR = YES;
				GCC_WARN_UNINITIALIZED_AUTOS = YES_AGGRESSIVE;
				GCC_WARN_UNUSED_FUNCTION = YES;
				GCC_WARN_UNUSED_VARIABLE = YES;
				IPHONEOS_DEPLOYMENT_TARGET = 26.2;
				LOCALIZATION_PREFERS_STRING_CATALOGS = YES;
				MTL_ENABLE_DEBUG_INFO = INCLUDE_SOURCE;
				MTL_FAST_MATH = YES;
				ONLY_ACTIVE_ARCH = YES;
				SDKROOT = iphoneos;
				SWIFT_ACTIVE_COMPILATION_CONDITIONS = "DEBUG $(inherited)";
				SWIFT_EMIT_LOC_STRINGS = YES;
				SWIFT_OPTIMIZATION_LEVEL = "-Onone";
			};
			name = Debug;
		};
		8BEAAA1E2F15E93000D3D09D /* Release */ = {
			isa = XCBuildConfiguration;
			buildSettings = {
				ALWAYS_SEARCH_USER_PATHS = NO;
				ASSETCATALOG_COMPILER_GENERATE_SWIFT_ASSET_SYMBOL_EXTENSIONS = YES;
				CLANG_ANALYZER_NONNULL = YES;
				CLANG_ANALYZER_NUMBER_OBJECT_CONVERSION = YES_AGGRESSIVE;
				CLANG_CXX_LANGUAGE_STANDARD = "gnu++20";
				CLANG_ENABLE_MODULES = YES;
				CLANG_ENABLE_OBJC_ARC = YES;
				CLANG_ENABLE_OBJC_WEAK = YES;
				CLANG_WARN_BLOCK_CAPTURE_AUTORELEASING = YES;
				CLANG_WARN_BOOL_CONVERSION = YES;
				CLANG_WARN_COMMA = YES;
				CLANG_WARN_CONSTANT_CONVERSION = YES;
				CLANG_WARN_DEPRECATED_OBJC_IMPLEMENTATIONS = YES;
				CLANG_WARN_DIRECT_OBJC_ISA_USAGE = YES_ERROR;
				CLANG_WARN_DOCUMENTATION_COMMENTS = YES;
				CLANG_WARN_EMPTY_BODY = YES;
				CLANG_WARN_ENUM_CONVERSION = YES;
				CLANG_WARN_INFINITE_RECURSION = YES;
				CLANG_WARN_INT_CONVERSION = YES;
				CLANG_WARN_NON_LITERAL_NULL_CONVERSION = YES;
				CLANG_WARN_OBJC_IMPLICIT_RETAIN_SELF = YES;
				CLANG_WARN_OBJC_LITERAL_CONVERSION = YES;
				CLANG_WARN_OBJC_ROOT_CLASS = YES_ERROR;
				CLANG_WARN_QUOTED_INCLUDE_IN_FRAMEWORK_HEADER = YES;
				CLANG_WARN_RANGE_LOOP_ANALYSIS = YES;
				CLANG_WARN_STRICT_PROTOTYPES = YES;
				CLANG_WARN_SUSPICIOUS_MOVE = YES;
				CLANG_WARN_UNGUARDED_AVAILABILITY = YES_AGGRESSIVE;
				CLANG_WARN_UNREACHABLE_CODE = YES;
				CLANG_WARN__DUPLICATE_METHOD_MATCH = YES;
				COPY_PHASE_STRIP = NO;
				DEBUG_INFORMATION_FORMAT = "dwarf-with-dsym";
				DEVELOPMENT_TEAM = NMJRG9GQTL;
				ENABLE_NS_ASSERTIONS = NO;
				ENABLE_STRICT_OBJC_MSGSEND = YES;
				ENABLE_USER_SCRIPT_SANDBOXING = YES;
				GCC_C_LANGUAGE_STANDARD = gnu17;
				GCC_NO_COMMON_BLOCKS = YES;
				GCC_WARN_64_TO_32_BIT_CONVERSION = YES;
				GCC_WARN_ABOUT_RETURN_TYPE = YES_ERROR;
				GCC_WARN_UNDECLARED_SELECTOR = YES;
				GCC_WARN_UNINITIALIZED_AUTOS = YES_AGGRESSIVE;
				GCC_WARN_UNUSED_FUNCTION = YES;
				GCC_WARN_UNUSED_VARIABLE = YES;
				IPHONEOS_DEPLOYMENT_TARGET = 26.2;
				LOCALIZATION_PREFERS_STRING_CATALOGS = YES;
				MTL_ENABLE_DEBUG_INFO = NO;
				MTL_FAST_MATH = YES;
				SDKROOT = iphoneos;
				SWIFT_COMPILATION_MODE = wholemodule;
				SWIFT_EMIT_LOC_STRINGS = YES;
				VALIDATE_PRODUCT = YES;
			};
			name = Release;
		};
		8BEAAA202F15E93000D3D09D /* Debug */ = {
			isa = XCBuildConfiguration;
			buildSettings = {
				ASSETCATALOG_COMPILER_APPICON_NAME = AppIcon;
				ASSETCATALOG_COMPILER_GLOBAL_ACCENT_COLOR_NAME = AccentColor;
				CODE_SIGN_ENTITLEMENTS = InfineonProject/InfineonProject.entitlements;
				CODE_SIGN_STYLE = Automatic;
				CURRENT_PROJECT_VERSION = 4;
				DEVELOPMENT_TEAM = 379YWQD4GD;
				ENABLE_PREVIEWS = YES;
				GENERATE_INFOPLIST_FILE = YES;
				INFOPLIST_FILE = InfineonProject/Info.plist;
				INFOPLIST_KEY_CFBundleDisplayName = InfineonProject;
				INFOPLIST_KEY_LSApplicationCategoryType = "public.app-category.utilities";
				INFOPLIST_KEY_NSAppleMusicUsageDescription = "Save songs to your Apple Music library.";
				INFOPLIST_KEY_NSBluetoothAlwaysUsageDescription = "Bluetooth is used to communicate directly with your vehicle's hardware when nearby.";
				INFOPLIST_KEY_NSCameraUsageDescription = "Use your camera to scan QR codes to join a vehicle.";
				INFOPLIST_KEY_NSContactsUsageDescription = "Send messages to trusted contacts when a vehicle is in an emergency.";
				INFOPLIST_KEY_NSLocationWhenInUseUsageDescription = "See how far away a vehicle is from you.";
				INFOPLIST_KEY_NSSupportsLiveActivities = YES;
				INFOPLIST_KEY_NSSupportsLiveActivitiesFrequentUpdates = YES;
				INFOPLIST_KEY_SUPABASE_PUBLISHABLE_KEY = "$(SUPABASE_PUBLISHABLE_KEY)";
				INFOPLIST_KEY_SUPABASE_URL = "$(SUPABASE_URL)";
				INFOPLIST_KEY_UIApplicationSceneManifest_Generation = YES;
				INFOPLIST_KEY_UIApplicationSupportsIndirectInputEvents = YES;
				INFOPLIST_KEY_UILaunchScreen_Generation = YES;
				INFOPLIST_KEY_UISupportedInterfaceOrientations_iPad = "UIInterfaceOrientationPortrait UIInterfaceOrientationPortraitUpsideDown UIInterfaceOrientationLandscapeLeft UIInterfaceOrientationLandscapeRight";
				INFOPLIST_KEY_UISupportedInterfaceOrientations_iPhone = "UIInterfaceOrientationPortrait UIInterfaceOrientationLandscapeLeft UIInterfaceOrientationLandscapeRight";
				IPHONEOS_DEPLOYMENT_TARGET = 18.0;
				LD_RUNPATH_SEARCH_PATHS = (
					"$(inherited)",
					"@executable_path/Frameworks",
				);
				MARKETING_VERSION = 0.0.1;
				PRODUCT_BUNDLE_IDENTIFIER = com.sheel.InfineonProject;
				PRODUCT_NAME = "$(TARGET_NAME)";
				STRING_CATALOG_GENERATE_SYMBOLS = YES;
				SWIFT_APPROACHABLE_CONCURRENCY = YES;
				SWIFT_DEFAULT_ACTOR_ISOLATION = MainActor;
				SWIFT_EMIT_LOC_STRINGS = YES;
				SWIFT_UPCOMING_FEATURE_MEMBER_IMPORT_VISIBILITY = YES;
				SWIFT_VERSION = 5.0;
				SUPABASE_PUBLISHABLE_KEY = "";
				SUPABASE_URL = "";
				TARGETED_DEVICE_FAMILY = "1,2";
			};
			name = Debug;
		};
		8BEAAA212F15E93000D3D09D /* Release */ = {
			isa = XCBuildConfiguration;
			buildSettings = {
				ASSETCATALOG_COMPILER_APPICON_NAME = AppIcon;
				ASSETCATALOG_COMPILER_GLOBAL_ACCENT_COLOR_NAME = AccentColor;
				CODE_SIGN_ENTITLEMENTS = InfineonProject/InfineonProject.entitlements;
				CODE_SIGN_STYLE = Automatic;
				CURRENT_PROJECT_VERSION = 4;
				DEVELOPMENT_TEAM = 379YWQD4GD;
				ENABLE_PREVIEWS = YES;
				GENERATE_INFOPLIST_FILE = YES;
				INFOPLIST_FILE = InfineonProject/Info.plist;
				INFOPLIST_KEY_CFBundleDisplayName = InfineonProject;
				INFOPLIST_KEY_LSApplicationCategoryType = "public.app-category.utilities";
				INFOPLIST_KEY_NSAppleMusicUsageDescription = "Save songs to your Apple Music library.";
				INFOPLIST_KEY_NSBluetoothAlwaysUsageDescription = "Bluetooth is used to communicate directly with your vehicle's hardware when nearby.";
				INFOPLIST_KEY_NSCameraUsageDescription = "Use your camera to scan QR codes to join a vehicle.";
				INFOPLIST_KEY_NSContactsUsageDescription = "Send messages to trusted contacts when a vehicle is in an emergency.";
				INFOPLIST_KEY_NSLocationWhenInUseUsageDescription = "See how far away a vehicle is from you.";
				INFOPLIST_KEY_NSSupportsLiveActivities = YES;
				INFOPLIST_KEY_NSSupportsLiveActivitiesFrequentUpdates = YES;
				INFOPLIST_KEY_SUPABASE_PUBLISHABLE_KEY = "$(SUPABASE_PUBLISHABLE_KEY)";
				INFOPLIST_KEY_SUPABASE_URL = "$(SUPABASE_URL)";
				INFOPLIST_KEY_UIApplicationSceneManifest_Generation = YES;
				INFOPLIST_KEY_UIApplicationSupportsIndirectInputEvents = YES;
				INFOPLIST_KEY_UILaunchScreen_Generation = YES;
				INFOPLIST_KEY_UISupportedInterfaceOrientations_iPad = "UIInterfaceOrientationPortrait UIInterfaceOrientationPortraitUpsideDown UIInterfaceOrientationLandscapeLeft UIInterfaceOrientationLandscapeRight";
				INFOPLIST_KEY_UISupportedInterfaceOrientations_iPhone = "UIInterfaceOrientationPortrait UIInterfaceOrientationLandscapeLeft UIInterfaceOrientationLandscapeRight";
				IPHONEOS_DEPLOYMENT_TARGET = 18.0;
				LD_RUNPATH_SEARCH_PATHS = (
					"$(inherited)",
					"@executable_path/Frameworks",
				);
				MARKETING_VERSION = 0.0.1;
				PRODUCT_BUNDLE_IDENTIFIER = com.sheel.InfineonProject;
				PRODUCT_NAME = "$(TARGET_NAME)";
				STRING_CATALOG_GENERATE_SYMBOLS = YES;
				SWIFT_APPROACHABLE_CONCURRENCY = YES;
				SWIFT_DEFAULT_ACTOR_ISOLATION = MainActor;
				SWIFT_EMIT_LOC_STRINGS = YES;
				SWIFT_UPCOMING_FEATURE_MEMBER_IMPORT_VISIBILITY = YES;
				SWIFT_VERSION = 5.0;
				SUPABASE_PUBLISHABLE_KEY = "";
				SUPABASE_URL = "";
				TARGETED_DEVICE_FAMILY = "1,2";
			};
			name = Release;
		};
		8BEAAA232F15E93000D3D09D /* Debug */ = {
			isa = XCBuildConfiguration;
			buildSettings = {
				BUNDLE_LOADER = "$(TEST_HOST)";
				CODE_SIGN_STYLE = Automatic;
				CURRENT_PROJECT_VERSION = 1;
				DEVELOPMENT_TEAM = 379YWQD4GD;
				GENERATE_INFOPLIST_FILE = YES;
				IPHONEOS_DEPLOYMENT_TARGET = 18.0;
				MARKETING_VERSION = 1.0;
				PRODUCT_BUNDLE_IDENTIFIER = com.sheel.InfineonProjectTests;
				PRODUCT_NAME = "$(TARGET_NAME)";
				STRING_CATALOG_GENERATE_SYMBOLS = NO;
				SWIFT_APPROACHABLE_CONCURRENCY = YES;
				SWIFT_EMIT_LOC_STRINGS = NO;
				SWIFT_UPCOMING_FEATURE_MEMBER_IMPORT_VISIBILITY = YES;
				SWIFT_VERSION = 5.0;
				TARGETED_DEVICE_FAMILY = "1,2";
				TEST_HOST = "$(BUILT_PRODUCTS_DIR)/InfineonProject.app/$(BUNDLE_EXECUTABLE_FOLDER_PATH)/InfineonProject";
			};
			name = Debug;
		};
		8BEAAA242F15E93000D3D09D /* Release */ = {
			isa = XCBuildConfiguration;
			buildSettings = {
				BUNDLE_LOADER = "$(TEST_HOST)";
				CODE_SIGN_STYLE = Automatic;
				CURRENT_PROJECT_VERSION = 1;
				DEVELOPMENT_TEAM = 379YWQD4GD;
				GENERATE_INFOPLIST_FILE = YES;
				IPHONEOS_DEPLOYMENT_TARGET = 18.0;
				MARKETING_VERSION = 1.0;
				PRODUCT_BUNDLE_IDENTIFIER = com.sheel.InfineonProjectTests;
				PRODUCT_NAME = "$(TARGET_NAME)";
				STRING_CATALOG_GENERATE_SYMBOLS = NO;
				SWIFT_APPROACHABLE_CONCURRENCY = YES;
				SWIFT_EMIT_LOC_STRINGS = NO;
				SWIFT_UPCOMING_FEATURE_MEMBER_IMPORT_VISIBILITY = YES;
				SWIFT_VERSION = 5.0;
				TARGETED_DEVICE_FAMILY = "1,2";
				TEST_HOST = "$(BUILT_PRODUCTS_DIR)/InfineonProject.app/$(BUNDLE_EXECUTABLE_FOLDER_PATH)/InfineonProject";
			};
			name = Release;
		};
		8BEAAA262F15E93000D3D09D /* Debug */ = {
			isa = XCBuildConfiguration;
			buildSettings = {
				CODE_SIGN_STYLE = Automatic;
				CURRENT_PROJECT_VERSION = 1;
				DEVELOPMENT_TEAM = 379YWQD4GD;
				GENERATE_INFOPLIST_FILE = YES;
				IPHONEOS_DEPLOYMENT_TARGET = 18.0;
				MARKETING_VERSION = 1.0;
				PRODUCT_BUNDLE_IDENTIFIER = com.sheel.InfineonProjectUITests;
				PRODUCT_NAME = "$(TARGET_NAME)";
				STRING_CATALOG_GENERATE_SYMBOLS = NO;
				SWIFT_APPROACHABLE_CONCURRENCY = YES;
				SWIFT_EMIT_LOC_STRINGS = NO;
				SWIFT_UPCOMING_FEATURE_MEMBER_IMPORT_VISIBILITY = YES;
				SWIFT_VERSION = 5.0;
				TARGETED_DEVICE_FAMILY = "1,2";
				TEST_TARGET_NAME = InfineonProject;
			};
			name = Debug;
		};
		8BEAAA272F15E93000D3D09D /* Release */ = {
			isa = XCBuildConfiguration;
			buildSettings = {
				CODE_SIGN_STYLE = Automatic;
				CURRENT_PROJECT_VERSION = 1;
				DEVELOPMENT_TEAM = 379YWQD4GD;
				GENERATE_INFOPLIST_FILE = YES;
				IPHONEOS_DEPLOYMENT_TARGET = 18.0;
				MARKETING_VERSION = 1.0;
				PRODUCT_BUNDLE_IDENTIFIER = com.sheel.InfineonProjectUITests;
				PRODUCT_NAME = "$(TARGET_NAME)";
				STRING_CATALOG_GENERATE_SYMBOLS = NO;
				SWIFT_APPROACHABLE_CONCURRENCY = YES;
				SWIFT_EMIT_LOC_STRINGS = NO;
				SWIFT_UPCOMING_FEATURE_MEMBER_IMPORT_VISIBILITY = YES;
				SWIFT_VERSION = 5.0;
				TARGETED_DEVICE_FAMILY = "1,2";
				TEST_TARGET_NAME = InfineonProject;
			};
			name = Release;
		};
/* End XCBuildConfiguration section */

/* Begin XCConfigurationList section */
		8BABFE432F1EEBBE00572AF7 /* Build configuration list for PBXNativeTarget "VehicleLiveActivityExtension" */ = {
			isa = XCConfigurationList;
			buildConfigurations = (
				8BABFE442F1EEBBE00572AF7 /* Debug */,
				8BABFE452F1EEBBE00572AF7 /* Release */,
			);
			defaultConfigurationIsVisible = 0;
			defaultConfigurationName = Release;
		};
		8BEAA9F72F15E92F00D3D09D /* Build configuration list for PBXProject "InfineonProject" */ = {
			isa = XCConfigurationList;
			buildConfigurations = (
				8BEAAA1D2F15E93000D3D09D /* Debug */,
				8BEAAA1E2F15E93000D3D09D /* Release */,
			);
			defaultConfigurationIsVisible = 0;
			defaultConfigurationName = Release;
		};
		8BEAAA1F2F15E93000D3D09D /* Build configuration list for PBXNativeTarget "InfineonProject" */ = {
			isa = XCConfigurationList;
			buildConfigurations = (
				8BEAAA202F15E93000D3D09D /* Debug */,
				8BEAAA212F15E93000D3D09D /* Release */,
			);
			defaultConfigurationIsVisible = 0;
			defaultConfigurationName = Release;
		};
		8BEAAA222F15E93000D3D09D /* Build configuration list for PBXNativeTarget "InfineonProjectTests" */ = {
			isa = XCConfigurationList;
			buildConfigurations = (
				8BEAAA232F15E93000D3D09D /* Debug */,
				8BEAAA242F15E93000D3D09D /* Release */,
			);
			defaultConfigurationIsVisible = 0;
			defaultConfigurationName = Release;
		};
		8BEAAA252F15E93000D3D09D /* Build configuration list for PBXNativeTarget "InfineonProjectUITests" */ = {
			isa = XCConfigurationList;
			buildConfigurations = (
				8BEAAA262F15E93000D3D09D /* Debug */,
				8BEAAA272F15E93000D3D09D /* Release */,
			);
			defaultConfigurationIsVisible = 0;
			defaultConfigurationName = Release;
		};
/* End XCConfigurationList section */

/* Begin XCRemoteSwiftPackageReference section */
		8BA03ADF2F16D76100F32CD2 /* XCRemoteSwiftPackageReference "supabase-swift" */ = {
			isa = XCRemoteSwiftPackageReference;
			repositoryURL = "https://github.com/supabase/supabase-swift";
			requirement = {
				kind = upToNextMajorVersion;
				minimumVersion = 2.5.1;
			};
		};
/* End XCRemoteSwiftPackageReference section */

/* Begin XCSwiftPackageProductDependency section */
		8BA03AE02F16D76100F32CD2 /* Auth */ = {
			isa = XCSwiftPackageProductDependency;
			package = 8BA03ADF2F16D76100F32CD2 /* XCRemoteSwiftPackageReference "supabase-swift" */;
			productName = Auth;
		};
		8BA03AE22F16D76100F32CD2 /* Supabase */ = {
			isa = XCSwiftPackageProductDependency;
			package = 8BA03ADF2F16D76100F32CD2 /* XCRemoteSwiftPackageReference "supabase-swift" */;
			productName = Supabase;
		};
/* End XCSwiftPackageProductDependency section */
	};
	rootObject = 8BEAA9F42F15E92F00D3D09D /* Project object */;
}
